
Microsoft Visual Studio Solution File, Format Version 12.00
# Visual Studio Version 16
VisualStudioVersion = 16.0.31205.134
MinimumVisualStudioVersion = 10.0.40219.1
Project("{9A19103F-16F7-4668-BE54-9A1E7A4F7556}") = "VirsTimer.DesktopApp", "VirsTimer.DesktopApp\VirsTimer.DesktopApp.csproj", "{4D6C0A73-3E4F-428C-9A28-1D26C445F806}"
EndProject
Project("{FAE04EC0-301F-11D3-BF4B-00C04F79EFBC}") = "VirsTimer.Core", "VirsTimer.Core\VirsTimer.Core.csproj", "{A8C24B67-6E20-4218-802A-93CA13091D5F}"
EndProject
Global
	GlobalSection(SolutionConfigurationPlatforms) = preSolution
		Debug|Any CPU = Debug|Any CPU
		Release|Any CPU = Release|Any CPU
	EndGlobalSection
	GlobalSection(ProjectConfigurationPlatforms) = postSolution
		{4D6C0A73-3E4F-428C-9A28-1D26C445F806}.Debug|Any CPU.ActiveCfg = Debug|Any CPU
		{4D6C0A73-3E4F-428C-9A28-1D26C445F806}.Debug|Any CPU.Build.0 = Debug|Any CPU
		{4D6C0A73-3E4F-428C-9A28-1D26C445F806}.Release|Any CPU.ActiveCfg = Release|Any CPU
		{4D6C0A73-3E4F-428C-9A28-1D26C445F806}.Release|Any CPU.Build.0 = Release|Any CPU
		{A8C24B67-6E20-4218-802A-93CA13091D5F}.Debug|Any CPU.ActiveCfg = Debug|Any CPU
		{A8C24B67-6E20-4218-802A-93CA13091D5F}.Debug|Any CPU.Build.0 = Debug|Any CPU
		{A8C24B67-6E20-4218-802A-93CA13091D5F}.Release|Any CPU.ActiveCfg = Release|Any CPU
		{A8C24B67-6E20-4218-802A-93CA13091D5F}.Release|Any CPU.Build.0 = Release|Any CPU
	EndGlobalSection
	GlobalSection(SolutionProperties) = preSolution
		HideSolutionNode = FALSE
	EndGlobalSection
	GlobalSection(ExtensibilityGlobals) = postSolution
		SolutionGuid = {DC7E0C91-31BA-4712-BD19-1AD162EC1D2C}
	EndGlobalSection
EndGlobal
